// !$*UTF8*$!
{
	archiveVersion = 1;
	classes = {
	};
	objectVersion = 46;
	objects = {

/* Begin PBXBuildFile section */
		E33159E91EE7D29F00349733 /* AppDelegate.swift in Sources */ = {isa = PBXBuildFile; fileRef = E33159E81EE7D29F00349733 /* AppDelegate.swift */; };
		E33159EB1EE7D29F00349733 /* ViewController.swift in Sources */ = {isa = PBXBuildFile; fileRef = E33159EA1EE7D29F00349733 /* ViewController.swift */; };
		E33159EE1EE7D29F00349733 /* Main.storyboard in Resources */ = {isa = PBXBuildFile; fileRef = E33159EC1EE7D29F00349733 /* Main.storyboard */; };
		E33159F01EE7D29F00349733 /* Assets.xcassets in Resources */ = {isa = PBXBuildFile; fileRef = E33159EF1EE7D29F00349733 /* Assets.xcassets */; };
		E33159F31EE7D29F00349733 /* LaunchScreen.storyboard in Resources */ = {isa = PBXBuildFile; fileRef = E33159F11EE7D29F00349733 /* LaunchScreen.storyboard */; };
		E33159FE1EE7D29F00349733 /* test2Tests.swift in Sources */ = {isa = PBXBuildFile; fileRef = E33159FD1EE7D29F00349733 /* test2Tests.swift */; };
		E3315A091EE7D29F00349733 /* test2UITests.swift in Sources */ = {isa = PBXBuildFile; fileRef = E3315A081EE7D29F00349733 /* test2UITests.swift */; };
/* End PBXBuildFile section */

/* Begin PBXContainerItemProxy section */
		E33159FA1EE7D29F00349733 /* PBXContainerItemProxy */ = {
			isa = PBXContainerItemProxy;
			containerPortal = E33159DD1EE7D29F00349733 /* Project object */;
			proxyType = 1;
			remoteGlobalIDString = E33159E41EE7D29F00349733;
			remoteInfo = test2;
		};
		E3315A051EE7D29F00349733 /* PBXContainerItemProxy */ = {
			isa = PBXContainerItemProxy;
			containerPortal = E33159DD1EE7D29F00349733 /* Project object */;
			proxyType = 1;
			remoteGlobalIDString = E33159E41EE7D29F00349733;
			remoteInfo = test2;
		};
/* End PBXContainerItemProxy section */

/* Begin PBXFileReference section */
		E33159E51EE7D29F00349733 /* test2.app */ = {isa = PBXFileReference; explicitFileType = wrapper.application; includeInIndex = 0; path = test2.app; sourceTree = BUILT_PRODUCTS_DIR; };
		E33159E81EE7D29F00349733 /* AppDelegate.swift */ = {isa = PBXFileReference; lastKnownFileType = sourcecode.swift; path = AppDelegate.swift; sourceTree = "<group>"; };
		E33159EA1EE7D29F00349733 /* ViewController.swift */ = {isa = PBXFileReference; lastKnownFileType = sourcecode.swift; path = ViewController.swift; sourceTree = "<group>"; };
		E33159ED1EE7D29F00349733 /* Base */ = {isa = PBXFileReference; lastKnownFileType = file.storyboard; name = Base; path = Base.lproj/Main.storyboard; sourceTree = "<group>"; };
		E33159EF1EE7D29F00349733 /* Assets.xcassets */ = {isa = PBXFileReference; lastKnownFileType = folder.assetcatalog; path = Assets.xcassets; sourceTree = "<group>"; };
		E33159F21EE7D29F00349733 /* Base */ = {isa = PBXFileReference; lastKnownFileType = file.storyboard; name = Base; path = Base.lproj/LaunchScreen.storyboard; sourceTree = "<group>"; };
		E33159F41EE7D29F00349733 /* Info.plist */ = {isa = PBXFileReference; lastKnownFileType = text.plist.xml; path = Info.plist; sourceTree = "<group>"; };
		E33159F91EE7D29F00349733 /* test2Tests.xctest */ = {isa = PBXFileReference; explicitFileType = wrapper.cfbundle; includeInIndex = 0; path = test2Tests.xctest; sourceTree = BUILT_PRODUCTS_DIR; };
		E33159FD1EE7D29F00349733 /* test2Tests.swift */ = {isa = PBXFileReference; lastKnownFileType = sourcecode.swift; path = test2Tests.swift; sourceTree = "<group>"; };
		E33159FF1EE7D29F00349733 /* Info.plist */ = {isa = PBXFileReference; lastKnownFileType = text.plist.xml; path = Info.plist; sourceTree = "<group>"; };
		E3315A041EE7D29F00349733 /* test2UITests.xctest */ = {isa = PBXFileReference; explicitFileType = wrapper.cfbundle; includeInIndex = 0; path = test2UITests.xctest; sourceTree = BUILT_PRODUCTS_DIR; };
		E3315A081EE7D29F00349733 /* test2UITests.swift */ = {isa = PBXFileReference; lastKnownFileType = sourcecode.swift; path = test2UITests.swift; sourceTree = "<group>"; };
		E3315A0A1EE7D29F00349733 /* Info.plist */ = {isa = PBXFileReference; lastKnownFileType = text.plist.xml; path = Info.plist; sourceTree = "<group>"; };
/* End PBXFileReference section */

/* Begin PBXFrameworksBuildPhase section */
		E33159E21EE7D29F00349733 /* Frameworks */ = {
			isa = PBXFrameworksBuildPhase;
			buildActionMask = 2147483647;
			files = (
			);
			runOnlyForDeploymentPostprocessing = 0;
		};
		E33159F61EE7D29F00349733 /* Frameworks */ = {
			isa = PBXFrameworksBuildPhase;
			buildActionMask = 2147483647;
			files = (
			);
			runOnlyForDeploymentPostprocessing = 0;
		};
		E3315A011EE7D29F00349733 /* Frameworks */ = {
			isa = PBXFrameworksBuildPhase;
			buildActionMask = 2147483647;
			files = (
			);
			runOnlyForDeploymentPostprocessing = 0;
		};
/* End PBXFrameworksBuildPhase section */

/* Begin PBXGroup section */
		E33159DC1EE7D29F00349733 = {
			isa = PBXGroup;
			children = (
				E33159E71EE7D29F00349733 /* test2 */,
				E33159FC1EE7D29F00349733 /* test2Tests */,
				E3315A071EE7D29F00349733 /* test2UITests */,
				E33159E61EE7D29F00349733 /* Products */,
			);
			sourceTree = "<group>";
		};
		E33159E61EE7D29F00349733 /* Products */ = {
			isa = PBXGroup;
			children = (
				E33159E51EE7D29F00349733 /* test2.app */,
				E33159F91EE7D29F00349733 /* test2Tests.xctest */,
				E3315A041EE7D29F00349733 /* test2UITests.xctest */,
			);
			name = Products;
			sourceTree = "<group>";
		};
		E33159E71EE7D29F00349733 /* test2 */ = {
			isa = PBXGroup;
			children = (
				E33159E81EE7D29F00349733 /* AppDelegate.swift */,
				E33159EA1EE7D29F00349733 /* ViewController.swift */,
				E33159EC1EE7D29F00349733 /* Main.storyboard */,
				E33159EF1EE7D29F00349733 /* Assets.xcassets */,
				E33159F11EE7D29F00349733 /* LaunchScreen.storyboard */,
				E33159F41EE7D29F00349733 /* Info.plist */,
			);
			path = test2;
			sourceTree = "<group>";
		};
		E33159FC1EE7D29F00349733 /* test2Tests */ = {
			isa = PBXGroup;
			children = (
				E33159FD1EE7D29F00349733 /* test2Tests.swift */,
				E33159FF1EE7D29F00349733 /* Info.plist */,
			);
			path = test2Tests;
			sourceTree = "<group>";
		};
		E3315A071EE7D29F00349733 /* test2UITests */ = {
			isa = PBXGroup;
			children = (
				E3315A081EE7D29F00349733 /* test2UITests.swift */,
				E3315A0A1EE7D29F00349733 /* Info.plist */,
			);
			path = test2UITests;
			sourceTree = "<group>";
		};
/* End PBXGroup section */

/* Begin PBXNativeTarget section */
		E33159E41EE7D29F00349733 /* test2 */ = {
			isa = PBXNativeTarget;
			buildConfigurationList = E3315A0D1EE7D29F00349733 /* Build configuration list for PBXNativeTarget "test2" */;
			buildPhases = (
				E33159E11EE7D29F00349733 /* Sources */,
				E33159E21EE7D29F00349733 /* Frameworks */,
				E33159E31EE7D29F00349733 /* Resources */,
			);
			buildRules = (
			);
			dependencies = (
			);
			name = test2;
			productName = test2;
			productReference = E33159E51EE7D29F00349733 /* test2.app */;
			productType = "com.apple.product-type.application";
		};
		E33159F81EE7D29F00349733 /* test2Tests */ = {
			isa = PBXNativeTarget;
			buildConfigurationList = E3315A101EE7D29F00349733 /* Build configuration list for PBXNativeTarget "test2Tests" */;
			buildPhases = (
				E33159F51EE7D29F00349733 /* Sources */,
				E33159F61EE7D29F00349733 /* Frameworks */,
				E33159F71EE7D29F00349733 /* Resources */,
			);
			buildRules = (
			);
			dependencies = (
				E33159FB1EE7D29F00349733 /* PBXTargetDependency */,
			);
			name = test2Tests;
			productName = test2Tests;
			productReference = E33159F91EE7D29F00349733 /* test2Tests.xctest */;
			productType = "com.apple.product-type.bundle.unit-test";
		};
		E3315A031EE7D29F00349733 /* test2UITests */ = {
			isa = PBXNativeTarget;
			buildConfigurationList = E3315A131EE7D29F00349733 /* Build configuration list for PBXNativeTarget "test2UITests" */;
			buildPhases = (
				E3315A001EE7D29F00349733 /* Sources */,
				E3315A011EE7D29F00349733 /* Frameworks */,
				E3315A021EE7D29F00349733 /* Resources */,
			);
			buildRules = (
			);
			dependencies = (
				E3315A061EE7D29F00349733 /* PBXTargetDependency */,
			);
			name = test2UITests;
			productName = test2UITests;
			productReference = E3315A041EE7D29F00349733 /* test2UITests.xctest */;
			productType = "com.apple.product-type.bundle.ui-testing";
		};
/* End PBXNativeTarget section */

/* Begin PBXProject section */
		E33159DD1EE7D29F00349733 /* Project object */ = {
			isa = PBXProject;
			attributes = {
				LastSwiftUpdateCheck = 0830;
				LastUpgradeCheck = 0830;
				ORGANIZATIONNAME = "Eddy Varela";
				TargetAttributes = {
					E33159E41EE7D29F00349733 = {
						CreatedOnToolsVersion = 8.3.2;
						DevelopmentTeam = P9EUWQ8PR3;
						ProvisioningStyle = Automatic;
					};
					E33159F81EE7D29F00349733 = {
						CreatedOnToolsVersion = 8.3.2;
						DevelopmentTeam = P9EUWQ8PR3;
						ProvisioningStyle = Automatic;
						TestTargetID = E33159E41EE7D29F00349733;
					};
					E3315A031EE7D29F00349733 = {
						CreatedOnToolsVersion = 8.3.2;
						DevelopmentTeam = P9EUWQ8PR3;
						ProvisioningStyle = Automatic;
						TestTargetID = E33159E41EE7D29F00349733;
					};
				};
			};
			buildConfigurationList = E33159E01EE7D29F00349733 /* Build configuration list for PBXProject "test2" */;
			compatibilityVersion = "Xcode 3.2";
			developmentRegion = English;
			hasScannedForEncodings = 0;
			knownRegions = (
				en,
				Base,
			);
			mainGroup = E33159DC1EE7D29F00349733;
			productRefGroup = E33159E61EE7D29F00349733 /* Products */;
			projectDirPath = "";
			projectRoot = "";
			targets = (
				E33159E41EE7D29F00349733 /* test2 */,
				E33159F81EE7D29F00349733 /* test2Tests */,
				E3315A031EE7D29F00349733 /* test2UITests */,
			);
		};
/* End PBXProject section */

/* Begin PBXResourcesBuildPhase section */
		E33159E31EE7D29F00349733 /* Resources */ = {
			isa = PBXResourcesBuildPhase;
			buildActionMask = 2147483647;
			files = (
				E33159F31EE7D29F00349733 /* LaunchScreen.storyboard in Resources */,
				E33159F01EE7D29F00349733 /* Assets.xcassets in Resources */,
				E33159EE1EE7D29F00349733 /* Main.storyboard in Resources */,
			);
			runOnlyForDeploymentPostprocessing = 0;
		};
		E33159F71EE7D29F00349733 /* Resources */ = {
			isa = PBXResourcesBuildPhase;
			buildActionMask = 2147483647;
			files = (
			);
			runOnlyForDeploymentPostprocessing = 0;
		};
		E3315A021EE7D29F00349733 /* Resources */ = {
			isa = PBXResourcesBuildPhase;
			buildActionMask = 2147483647;
			files = (
			);
			runOnlyForDeploymentPostprocessing = 0;
		};
/* End PBXResourcesBuildPhase section */

/* Begin PBXSourcesBuildPhase section */
		E33159E11EE7D29F00349733 /* Sources */ = {
			isa = PBXSourcesBuildPhase;
			buildActionMask = 2147483647;
			files = (
				E33159EB1EE7D29F00349733 /* ViewController.swift in Sources */,
				E33159E91EE7D29F00349733 /* AppDelegate.swift in Sources */,
			);
			runOnlyForDeploymentPostprocessing = 0;
		};
		E33159F51EE7D29F00349733 /* Sources */ = {
			isa = PBXSourcesBuildPhase;
			buildActionMask = 2147483647;
			files = (
				E33159FE1EE7D29F00349733 /* test2Tests.swift in Sources */,
			);
			runOnlyForDeploymentPostprocessing = 0;
		};
		E3315A001EE7D29F00349733 /* Sources */ = {
			isa = PBXSourcesBuildPhase;
			buildActionMask = 2147483647;
			files = (
				E3315A091EE7D29F00349733 /* test2UITests.swift in Sources */,
			);
			runOnlyForDeploymentPostprocessing = 0;
		};
/* End PBXSourcesBuildPhase section */

/* Begin PBXTargetDependency section */
		E33159FB1EE7D29F00349733 /* PBXTargetDependency */ = {
			isa = PBXTargetDependency;
			target = E33159E41EE7D29F00349733 /* test2 */;
			targetProxy = E33159FA1EE7D29F00349733 /* PBXContainerItemProxy */;
		};
		E3315A061EE7D29F00349733 /* PBXTargetDependency */ = {
			isa = PBXTargetDependency;
			target = E33159E41EE7D29F00349733 /* test2 */;
			targetProxy = E3315A051EE7D29F00349733 /* PBXContainerItemProxy */;
		};
/* End PBXTargetDependency section */

/* Begin PBXVariantGroup section */
		E33159EC1EE7D29F00349733 /* Main.storyboard */ = {
			isa = PBXVariantGroup;
			children = (
				E33159ED1EE7D29F00349733 /* Base */,
			);
			name = Main.storyboard;
			sourceTree = "<group>";
		};
		E33159F11EE7D29F00349733 /* LaunchScreen.storyboard */ = {
			isa = PBXVariantGroup;
			children = (
				E33159F21EE7D29F00349733 /* Base */,
			);
			name = LaunchScreen.storyboard;
			sourceTree = "<group>";
		};
/* End PBXVariantGroup section */

/* Begin XCBuildConfiguration section */
		E3315A0B1EE7D29F00349733 /* Debug */ = {
			isa = XCBuildConfiguration;
			buildSettings = {
				ALWAYS_SEARCH_USER_PATHS = NO;
				CLANG_ANALYZER_NONNULL = YES;
				CLANG_ANALYZER_NUMBER_OBJECT_CONVERSION = YES_AGGRESSIVE;
				CLANG_CXX_LANGUAGE_STANDARD = "gnu++0x";
				CLANG_CXX_LIBRARY = "libc++";
				CLANG_ENABLE_MODULES = YES;
				CLANG_ENABLE_OBJC_ARC = YES;
				CLANG_WARN_BOOL_CONVERSION = YES;
				CLANG_WARN_CONSTANT_CONVERSION = YES;
				CLANG_WARN_DIRECT_OBJC_ISA_USAGE = YES_ERROR;
				CLANG_WARN_DOCUMENTATION_COMMENTS = YES;
				CLANG_WARN_EMPTY_BODY = YES;
				CLANG_WARN_ENUM_CONVERSION = YES;
				CLANG_WARN_INFINITE_RECURSION = YES;
				CLANG_WARN_INT_CONVERSION = YES;
				CLANG_WARN_OBJC_ROOT_CLASS = YES_ERROR;
				CLANG_WARN_SUSPICIOUS_MOVE = YES;
				CLANG_WARN_UNREACHABLE_CODE = YES;
				CLANG_WARN__DUPLICATE_METHOD_MATCH = YES;
				"CODE_SIGN_IDENTITY[sdk=iphoneos*]" = "iPhone Developer";
				COPY_PHASE_STRIP = NO;
				DEBUG_INFORMATION_FORMAT = dwarf;
				ENABLE_STRICT_OBJC_MSGSEND = YES;
				ENABLE_TESTABILITY = YES;
				GCC_C_LANGUAGE_STANDARD = gnu99;
				GCC_DYNAMIC_NO_PIC = NO;
				GCC_NO_COMMON_BLOCKS = YES;
				GCC_OPTIMIZATION_LEVEL = 0;
				GCC_PREPROCESSOR_DEFINITIONS = (
					"DEBUG=1",
					"$(inherited)",
				);
				GCC_WARN_64_TO_32_BIT_CONVERSION = YES;
				GCC_WARN_ABOUT_RETURN_TYPE = YES_ERROR;
				GCC_WARN_UNDECLARED_SELECTOR = YES;
				GCC_WARN_UNINITIALIZED_AUTOS = YES_AGGRESSIVE;
				GCC_WARN_UNUSED_FUNCTION = YES;
				GCC_WARN_UNUSED_VARIABLE = YES;
				IPHONEOS_DEPLOYMENT_TARGET = 10.3;
				MTL_ENABLE_DEBUG_INFO = YES;
				ONLY_ACTIVE_ARCH = YES;
				SDKROOT = iphoneos;
				SWIFT_ACTIVE_COMPILATION_CONDITIONS = DEBUG;
				SWIFT_OPTIMIZATION_LEVEL = "-Onone";
			};
			name = Debug;
		};
		E3315A0C1EE7D29F00349733 /* Release */ = {
			isa = XCBuildConfiguration;
			buildSettings = {
				ALWAYS_SEARCH_USER_PATHS = NO;
				CLANG_ANALYZER_NONNULL = YES;
				CLANG_ANALYZER_NUMBER_OBJECT_CONVERSION = YES_AGGRESSIVE;
				CLANG_CXX_LANGUAGE_STANDARD = "gnu++0x";
				CLANG_CXX_LIBRARY = "libc++";
				CLANG_ENABLE_MODULES = YES;
				CLANG_ENABLE_OBJC_ARC = YES;
				CLANG_WARN_BOOL_CONVERSION = YES;
				CLANG_WARN_CONSTANT_CONVERSION = YES;
				CLANG_WARN_DIRECT_OBJC_ISA_USAGE = YES_ERROR;
				CLANG_WARN_DOCUMENTATION_COMMENTS = YES;
				CLANG_WARN_EMPTY_BODY = YES;
				CLANG_WARN_ENUM_CONVERSION = YES;
				CLANG_WARN_INFINITE_RECURSION = YES;
				CLANG_WARN_INT_CONVERSION = YES;
				CLANG_WARN_OBJC_ROOT_CLASS = YES_ERROR;
				CLANG_WARN_SUSPICIOUS_MOVE = YES;
				CLANG_WARN_UNREACHABLE_CODE = YES;
				CLANG_WARN__DUPLICATE_METHOD_MATCH = YES;
				"CODE_SIGN_IDENTITY[sdk=iphoneos*]" = "iPhone Developer";
				COPY_PHASE_STRIP = NO;
				DEBUG_INFORMATION_FORMAT = "dwarf-with-dsym";
				ENABLE_NS_ASSERTIONS = NO;
				ENABLE_STRICT_OBJC_MSGSEND = YES;
				GCC_C_LANGUAGE_STANDARD = gnu99;
				GCC_NO_COMMON_BLOCKS = YES;
				GCC_WARN_64_TO_32_BIT_CONVERSION = YES;
				GCC_WARN_ABOUT_RETURN_TYPE = YES_ERROR;
				GCC_WARN_UNDECLARED_SELECTOR = YES;
				GCC_WARN_UNINITIALIZED_AUTOS = YES_AGGRESSIVE;
				GCC_WARN_UNUSED_FUNCTION = YES;
				GCC_WARN_UNUSED_VARIABLE = YES;
				IPHONEOS_DEPLOYMENT_TARGET = 10.3;
				MTL_ENABLE_DEBUG_INFO = NO;
				SDKROOT = iphoneos;
				SWIFT_OPTIMIZATION_LEVEL = "-Owholemodule";
				VALIDATE_PRODUCT = YES;
			};
			name = Release;
		};
		E3315A0E1EE7D29F00349733 /* Debug */ = {
			isa = XCBuildConfiguration;
			buildSettings = {
				ASSETCATALOG_COMPILER_APPICON_NAME = AppIcon;
				DEVELOPMENT_TEAM = P9EUWQ8PR3;
				INFOPLIST_FILE = test2/Info.plist;
				LD_RUNPATH_SEARCH_PATHS = "$(inherited) @executable_path/Frameworks";
				PRODUCT_BUNDLE_IDENTIFIER = casualdev.test2;
				PRODUCT_NAME = "$(TARGET_NAME)";
				SWIFT_VERSION = 3.0;
			};
			name = Debug;
		};
		E3315A0F1EE7D29F00349733 /* Release */ = {
			isa = XCBuildConfiguration;
			buildSettings = {
				ASSETCATALOG_COMPILER_APPICON_NAME = AppIcon;
				DEVELOPMENT_TEAM = P9EUWQ8PR3;
				INFOPLIST_FILE = test2/Info.plist;
				LD_RUNPATH_SEARCH_PATHS = "$(inherited) @executable_path/Frameworks";
				PRODUCT_BUNDLE_IDENTIFIER = casualdev.test2;
				PRODUCT_NAME = "$(TARGET_NAME)";
				SWIFT_VERSION = 3.0;
			};
			name = Release;
		};
		E3315A111EE7D29F00349733 /* Debug */ = {
			isa = XCBuildConfiguration;
			buildSettings = {
				ALWAYS_EMBED_SWIFT_STANDARD_LIBRARIES = YES;
				BUNDLE_LOADER = "$(TEST_HOST)";
				DEVELOPMENT_TEAM = P9EUWQ8PR3;
				INFOPLIST_FILE = test2Tests/Info.plist;
				LD_RUNPATH_SEARCH_PATHS = "$(inherited) @executable_path/Frameworks @loader_path/Frameworks";
				PRODUCT_BUNDLE_IDENTIFIER = casualdev.test2Tests;
				PRODUCT_NAME = "$(TARGET_NAME)";
				SWIFT_VERSION = 3.0;
				TEST_HOST = "$(BUILT_PRODUCTS_DIR)/test2.app/test2";
			};
			name = Debug;
		};
		E3315A121EE7D29F00349733 /* Release */ = {
			isa = XCBuildConfiguration;
			buildSettings = {
				ALWAYS_EMBED_SWIFT_STANDARD_LIBRARIES = YES;
				BUNDLE_LOADER = "$(TEST_HOST)";
				DEVELOPMENT_TEAM = P9EUWQ8PR3;
				INFOPLIST_FILE = test2Tests/Info.plist;
				LD_RUNPATH_SEARCH_PATHS = "$(inherited) @executable_path/Frameworks @loader_path/Frameworks";
				PRODUCT_BUNDLE_IDENTIFIER = casualdev.test2Tests;
				PRODUCT_NAME = "$(TARGET_NAME)";
				SWIFT_VERSION = 3.0;
				TEST_HOST = "$(BUILT_PRODUCTS_DIR)/test2.app/test2";
			};
			name = Release;
		};
		E3315A141EE7D29F00349733 /* Debug */ = {
			isa = XCBuildConfiguration;
			buildSettings = {
				ALWAYS_EMBED_SWIFT_STANDARD_LIBRARIES = YES;
				DEVELOPMENT_TEAM = P9EUWQ8PR3;
				INFOPLIST_FILE = test2UITests/Info.plist;
				LD_RUNPATH_SEARCH_PATHS = "$(inherited) @executable_path/Frameworks @loader_path/Frameworks";
				PRODUCT_BUNDLE_IDENTIFIER = casualdev.test2UITests;
				PRODUCT_NAME = "$(TARGET_NAME)";
				SWIFT_VERSION = 3.0;
				TEST_TARGET_NAME = test2;
			};
			name = Debug;
		};
		E3315A151EE7D29F00349733 /* Release */ = {
			isa = XCBuildConfiguration;
			buildSettings = {
				ALWAYS_EMBED_SWIFT_STANDARD_LIBRARIES = YES;
				DEVELOPMENT_TEAM = P9EUWQ8PR3;
				INFOPLIST_FILE = test2UITests/Info.plist;
				LD_RUNPATH_SEARCH_PATHS = "$(inherited) @executable_path/Frameworks @loader_path/Frameworks";
				PRODUCT_BUNDLE_IDENTIFIER = casualdev.test2UITests;
				PRODUCT_NAME = "$(TARGET_NAME)";
				SWIFT_VERSION = 3.0;
				TEST_TARGET_NAME = test2;
			};
			name = Release;
		};
/* End XCBuildConfiguration section */

/* Begin XCConfigurationList section */
		E33159E01EE7D29F00349733 /* Build configuration list for PBXProject "test2" */ = {
			isa = XCConfigurationList;
			buildConfigurations = (
				E3315A0B1EE7D29F00349733 /* Debug */,
				E3315A0C1EE7D29F00349733 /* Release */,
			);
			defaultConfigurationIsVisible = 0;
			defaultConfigurationName = Release;
		};
		E3315A0D1EE7D29F00349733 /* Build configuration list for PBXNativeTarget "test2" */ = {
			isa = XCConfigurationList;
			buildConfigurations = (
				E3315A0E1EE7D29F00349733 /* Debug */,
				E3315A0F1EE7D29F00349733 /* Release */,
			);
			defaultConfigurationIsVisible = 0;
		};
		E3315A101EE7D29F00349733 /* Build configuration list for PBXNativeTarget "test2Tests" */ = {
			isa = XCConfigurationList;
			buildConfigurations = (
				E3315A111EE7D29F00349733 /* Debug */,
				E3315A121EE7D29F00349733 /* Release */,
			);
			defaultConfigurationIsVisible = 0;
		};
		E3315A131EE7D29F00349733 /* Build configuration list for PBXNativeTarget "test2UITests" */ = {
			isa = XCConfigurationList;
			buildConfigurations = (
				E3315A141EE7D29F00349733 /* Debug */,
				E3315A151EE7D29F00349733 /* Release */,
			);
			defaultConfigurationIsVisible = 0;
		};
/* End XCConfigurationList section */
	};
	rootObject = E33159DD1EE7D29F00349733 /* Project object */;
}
